// !$*UTF8*$!
{
	archiveVersion = 1;
	classes = {
	};
	objectVersion = 46;
	objects = {

/* Begin PBXBuildFile section */
		9BB26B081D59CB07005F6A73 /* main.m in Sources */ = {isa = PBXBuildFile; fileRef = 9BB26B071D59CB07005F6A73 /* main.m */; };
		9BB26B0B1D59CB07005F6A73 /* AppDelegate.m in Sources */ = {isa = PBXBuildFile; fileRef = 9BB26B0A1D59CB07005F6A73 /* AppDelegate.m */; };
		9BB26B0E1D59CB07005F6A73 /* ViewController.m in Sources */ = {isa = PBXBuildFile; fileRef = 9BB26B0D1D59CB07005F6A73 /* ViewController.m */; };
		9BB26B111D59CB07005F6A73 /* Main.storyboard in Resources */ = {isa = PBXBuildFile; fileRef = 9BB26B0F1D59CB07005F6A73 /* Main.storyboard */; };
		9BB26B131D59CB07005F6A73 /* Assets.xcassets in Resources */ = {isa = PBXBuildFile; fileRef = 9BB26B121D59CB07005F6A73 /* Assets.xcassets */; };
		9BB26B161D59CB07005F6A73 /* LaunchScreen.storyboard in Resources */ = {isa = PBXBuildFile; fileRef = 9BB26B141D59CB07005F6A73 /* LaunchScreen.storyboard */; };
		9BB26B211D59CB07005F6A73 /* TestDemoTests.m in Sources */ = {isa = PBXBuildFile; fileRef = 9BB26B201D59CB07005F6A73 /* TestDemoTests.m */; };
		9BB26B2C1D59CB07005F6A73 /* TestDemoUITests.m in Sources */ = {isa = PBXBuildFile; fileRef = 9BB26B2B1D59CB07005F6A73 /* TestDemoUITests.m */; };
/* End PBXBuildFile section */

/* Begin PBXContainerItemProxy section */
		9BB26B1D1D59CB07005F6A73 /* PBXContainerItemProxy */ = {
			isa = PBXContainerItemProxy;
			containerPortal = 9BB26AFB1D59CB07005F6A73 /* Project object */;
			proxyType = 1;
			remoteGlobalIDString = 9BB26B021D59CB07005F6A73;
			remoteInfo = TestDemo;
		};
		9BB26B281D59CB07005F6A73 /* PBXContainerItemProxy */ = {
			isa = PBXContainerItemProxy;
			containerPortal = 9BB26AFB1D59CB07005F6A73 /* Project object */;
			proxyType = 1;
			remoteGlobalIDString = 9BB26B021D59CB07005F6A73;
			remoteInfo = TestDemo;
		};
/* End PBXContainerItemProxy section */

/* Begin PBXFileReference section */
		9BB26B031D59CB07005F6A73 /* TestDemo.app */ = {isa = PBXFileReference; explicitFileType = wrapper.application; includeInIndex = 0; path = TestDemo.app; sourceTree = BUILT_PRODUCTS_DIR; };
		9BB26B071D59CB07005F6A73 /* main.m */ = {isa = PBXFileReference; lastKnownFileType = sourcecode.c.objc; path = main.m; sourceTree = "<group>"; };
		9BB26B091D59CB07005F6A73 /* AppDelegate.h */ = {isa = PBXFileReference; lastKnownFileType = sourcecode.c.h; path = AppDelegate.h; sourceTree = "<group>"; };
		9BB26B0A1D59CB07005F6A73 /* AppDelegate.m */ = {isa = PBXFileReference; lastKnownFileType = sourcecode.c.objc; path = AppDelegate.m; sourceTree = "<group>"; };
		9BB26B0C1D59CB07005F6A73 /* ViewController.h */ = {isa = PBXFileReference; lastKnownFileType = sourcecode.c.h; path = ViewController.h; sourceTree = "<group>"; };
		9BB26B0D1D59CB07005F6A73 /* ViewController.m */ = {isa = PBXFileReference; lastKnownFileType = sourcecode.c.objc; path = ViewController.m; sourceTree = "<group>"; };
		9BB26B101D59CB07005F6A73 /* Base */ = {isa = PBXFileReference; lastKnownFileType = file.storyboard; name = Base; path = Base.lproj/Main.storyboard; sourceTree = "<group>"; };
		9BB26B121D59CB07005F6A73 /* Assets.xcassets */ = {isa = PBXFileReference; lastKnownFileType = folder.assetcatalog; path = Assets.xcassets; sourceTree = "<group>"; };
		9BB26B151D59CB07005F6A73 /* Base */ = {isa = PBXFileReference; lastKnownFileType = file.storyboard; name = Base; path = Base.lproj/LaunchScreen.storyboard; sourceTree = "<group>"; };
		9BB26B171D59CB07005F6A73 /* Info.plist */ = {isa = PBXFileReference; lastKnownFileType = text.plist.xml; path = Info.plist; sourceTree = "<group>"; };
		9BB26B1C1D59CB07005F6A73 /* TestDemoTests.xctest */ = {isa = PBXFileReference; explicitFileType = wrapper.cfbundle; includeInIndex = 0; path = TestDemoTests.xctest; sourceTree = BUILT_PRODUCTS_DIR; };
		9BB26B201D59CB07005F6A73 /* TestDemoTests.m */ = {isa = PBXFileReference; lastKnownFileType = sourcecode.c.objc; path = TestDemoTests.m; sourceTree = "<group>"; };
		9BB26B221D59CB07005F6A73 /* Info.plist */ = {isa = PBXFileReference; lastKnownFileType = text.plist.xml; path = Info.plist; sourceTree = "<group>"; };
		9BB26B271D59CB07005F6A73 /* TestDemoUITests.xctest */ = {isa = PBXFileReference; explicitFileType = wrapper.cfbundle; includeInIndex = 0; path = TestDemoUITests.xctest; sourceTree = BUILT_PRODUCTS_DIR; };
		9BB26B2B1D59CB07005F6A73 /* TestDemoUITests.m */ = {isa = PBXFileReference; lastKnownFileType = sourcecode.c.objc; path = TestDemoUITests.m; sourceTree = "<group>"; };
		9BB26B2D1D59CB07005F6A73 /* Info.plist */ = {isa = PBXFileReference; lastKnownFileType = text.plist.xml; path = Info.plist; sourceTree = "<group>"; };
/* End PBXFileReference section */

/* Begin PBXFrameworksBuildPhase section */
		9BB26B001D59CB07005F6A73 /* Frameworks */ = {
			isa = PBXFrameworksBuildPhase;
			buildActionMask = 2147483647;
			files = (
			);
			runOnlyForDeploymentPostprocessing = 0;
		};
		9BB26B191D59CB07005F6A73 /* Frameworks */ = {
			isa = PBXFrameworksBuildPhase;
			buildActionMask = 2147483647;
			files = (
			);
			runOnlyForDeploymentPostprocessing = 0;
		};
		9BB26B241D59CB07005F6A73 /* Frameworks */ = {
			isa = PBXFrameworksBuildPhase;
			buildActionMask = 2147483647;
			files = (
			);
			runOnlyForDeploymentPostprocessing = 0;
		};
/* End PBXFrameworksBuildPhase section */

/* Begin PBXGroup section */
		9BB26AFA1D59CB07005F6A73 = {
			isa = PBXGroup;
			children = (
				9BB26B051D59CB07005F6A73 /* TestDemo */,
				9BB26B1F1D59CB07005F6A73 /* TestDemoTests */,
				9BB26B2A1D59CB07005F6A73 /* TestDemoUITests */,
				9BB26B041D59CB07005F6A73 /* Products */,
			);
			sourceTree = "<group>";
		};
		9BB26B041D59CB07005F6A73 /* Products */ = {
			isa = PBXGroup;
			children = (
				9BB26B031D59CB07005F6A73 /* TestDemo.app */,
				9BB26B1C1D59CB07005F6A73 /* TestDemoTests.xctest */,
				9BB26B271D59CB07005F6A73 /* TestDemoUITests.xctest */,
			);
			name = Products;
			sourceTree = "<group>";
		};
		9BB26B051D59CB07005F6A73 /* TestDemo */ = {
			isa = PBXGroup;
			children = (
				9BB26B091D59CB07005F6A73 /* AppDelegate.h */,
				9BB26B0A1D59CB07005F6A73 /* AppDelegate.m */,
				9BB26B0C1D59CB07005F6A73 /* ViewController.h */,
				9BB26B0D1D59CB07005F6A73 /* ViewController.m */,
				9BB26B0F1D59CB07005F6A73 /* Main.storyboard */,
				9BB26B121D59CB07005F6A73 /* Assets.xcassets */,
				9BB26B141D59CB07005F6A73 /* LaunchScreen.storyboard */,
				9BB26B171D59CB07005F6A73 /* Info.plist */,
				9BB26B061D59CB07005F6A73 /* Supporting Files */,
			);
			path = TestDemo;
			sourceTree = "<group>";
		};
		9BB26B061D59CB07005F6A73 /* Supporting Files */ = {
			isa = PBXGroup;
			children = (
				9BB26B071D59CB07005F6A73 /* main.m */,
			);
			name = "Supporting Files";
			sourceTree = "<group>";
		};
		9BB26B1F1D59CB07005F6A73 /* TestDemoTests */ = {
			isa = PBXGroup;
			children = (
				9BB26B201D59CB07005F6A73 /* TestDemoTests.m */,
				9BB26B221D59CB07005F6A73 /* Info.plist */,
			);
			path = TestDemoTests;
			sourceTree = "<group>";
		};
		9BB26B2A1D59CB07005F6A73 /* TestDemoUITests */ = {
			isa = PBXGroup;
			children = (
				9BB26B2B1D59CB07005F6A73 /* TestDemoUITests.m */,
				9BB26B2D1D59CB07005F6A73 /* Info.plist */,
			);
			path = TestDemoUITests;
			sourceTree = "<group>";
		};
/* End PBXGroup section */

/* Begin PBXNativeTarget section */
		9BB26B021D59CB07005F6A73 /* TestDemo */ = {
			isa = PBXNativeTarget;
			buildConfigurationList = 9BB26B301D59CB07005F6A73 /* Build configuration list for PBXNativeTarget "TestDemo" */;
			buildPhases = (
				9BB26AFF1D59CB07005F6A73 /* Sources */,
				9BB26B001D59CB07005F6A73 /* Frameworks */,
				9BB26B011D59CB07005F6A73 /* Resources */,
			);
			buildRules = (
			);
			dependencies = (
			);
			name = TestDemo;
			productName = TestDemo;
			productReference = 9BB26B031D59CB07005F6A73 /* TestDemo.app */;
			productType = "com.apple.product-type.application";
		};
		9BB26B1B1D59CB07005F6A73 /* TestDemoTests */ = {
			isa = PBXNativeTarget;
			buildConfigurationList = 9BB26B331D59CB07005F6A73 /* Build configuration list for PBXNativeTarget "TestDemoTests" */;
			buildPhases = (
				9BB26B181D59CB07005F6A73 /* Sources */,
				9BB26B191D59CB07005F6A73 /* Frameworks */,
				9BB26B1A1D59CB07005F6A73 /* Resources */,
			);
			buildRules = (
			);
			dependencies = (
				9BB26B1E1D59CB07005F6A73 /* PBXTargetDependency */,
			);
			name = TestDemoTests;
			productName = TestDemoTests;
			productReference = 9BB26B1C1D59CB07005F6A73 /* TestDemoTests.xctest */;
			productType = "com.apple.product-type.bundle.unit-test";
		};
		9BB26B261D59CB07005F6A73 /* TestDemoUITests */ = {
			isa = PBXNativeTarget;
			buildConfigurationList = 9BB26B361D59CB07005F6A73 /* Build configuration list for PBXNativeTarget "TestDemoUITests" */;
			buildPhases = (
				9BB26B231D59CB07005F6A73 /* Sources */,
				9BB26B241D59CB07005F6A73 /* Frameworks */,
				9BB26B251D59CB07005F6A73 /* Resources */,
			);
			buildRules = (
			);
			dependencies = (
				9BB26B291D59CB07005F6A73 /* PBXTargetDependency */,
			);
			name = TestDemoUITests;
			productName = TestDemoUITests;
			productReference = 9BB26B271D59CB07005F6A73 /* TestDemoUITests.xctest */;
			productType = "com.apple.product-type.bundle.ui-testing";
		};
/* End PBXNativeTarget section */

/* Begin PBXProject section */
		9BB26AFB1D59CB07005F6A73 /* Project object */ = {
			isa = PBXProject;
			attributes = {
				LastUpgradeCheck = 0730;
				ORGANIZATIONNAME = lee;
				TargetAttributes = {
					9BB26B021D59CB07005F6A73 = {
						CreatedOnToolsVersion = 7.3.1;
					};
					9BB26B1B1D59CB07005F6A73 = {
						CreatedOnToolsVersion = 7.3.1;
						TestTargetID = 9BB26B021D59CB07005F6A73;
					};
					9BB26B261D59CB07005F6A73 = {
						CreatedOnToolsVersion = 7.3.1;
						TestTargetID = 9BB26B021D59CB07005F6A73;
					};
				};
			};
			buildConfigurationList = 9BB26AFE1D59CB07005F6A73 /* Build configuration list for PBXProject "TestDemo" */;
			compatibilityVersion = "Xcode 3.2";
			developmentRegion = English;
			hasScannedForEncodings = 0;
			knownRegions = (
				en,
				Base,
			);
			mainGroup = 9BB26AFA1D59CB07005F6A73;
			productRefGroup = 9BB26B041D59CB07005F6A73 /* Products */;
			projectDirPath = "";
			projectRoot = "";
			targets = (
				9BB26B021D59CB07005F6A73 /* TestDemo */,
				9BB26B1B1D59CB07005F6A73 /* TestDemoTests */,
				9BB26B261D59CB07005F6A73 /* TestDemoUITests */,
			);
		};
/* End PBXProject section */

/* Begin PBXResourcesBuildPhase section */
		9BB26B011D59CB07005F6A73 /* Resources */ = {
			isa = PBXResourcesBuildPhase;
			buildActionMask = 2147483647;
			files = (
				9BB26B161D59CB07005F6A73 /* LaunchScreen.storyboard in Resources */,
				9BB26B131D59CB07005F6A73 /* Assets.xcassets in Resources */,
				9BB26B111D59CB07005F6A73 /* Main.storyboard in Resources */,
			);
			runOnlyForDeploymentPostprocessing = 0;
		};
		9BB26B1A1D59CB07005F6A73 /* Resources */ = {
			isa = PBXResourcesBuildPhase;
			buildActionMask = 2147483647;
			files = (
			);
			runOnlyForDeploymentPostprocessing = 0;
		};
		9BB26B251D59CB07005F6A73 /* Resources */ = {
			isa = PBXResourcesBuildPhase;
			buildActionMask = 2147483647;
			files = (
			);
			runOnlyForDeploymentPostprocessing = 0;
		};
/* End PBXResourcesBuildPhase section */

/* Begin PBXSourcesBuildPhase section */
		9BB26AFF1D59CB07005F6A73 /* Sources */ = {
			isa = PBXSourcesBuildPhase;
			buildActionMask = 2147483647;
			files = (
				9BB26B0E1D59CB07005F6A73 /* ViewController.m in Sources */,
				9BB26B0B1D59CB07005F6A73 /* AppDelegate.m in Sources */,
				9BB26B081D59CB07005F6A73 /* main.m in Sources */,
			);
			runOnlyForDeploymentPostprocessing = 0;
		};
		9BB26B181D59CB07005F6A73 /* Sources */ = {
			isa = PBXSourcesBuildPhase;
			buildActionMask = 2147483647;
			files = (
				9BB26B211D59CB07005F6A73 /* TestDemoTests.m in Sources */,
			);
			runOnlyForDeploymentPostprocessing = 0;
		};
		9BB26B231D59CB07005F6A73 /* Sources */ = {
			isa = PBXSourcesBuildPhase;
			buildActionMask = 2147483647;
			files = (
				9BB26B2C1D59CB07005F6A73 /* TestDemoUITests.m in Sources */,
			);
			runOnlyForDeploymentPostprocessing = 0;
		};
/* End PBXSourcesBuildPhase section */

/* Begin PBXTargetDependency section */
		9BB26B1E1D59CB07005F6A73 /* PBXTargetDependency */ = {
			isa = PBXTargetDependency;
			target = 9BB26B021D59CB07005F6A73 /* TestDemo */;
			targetProxy = 9BB26B1D1D59CB07005F6A73 /* PBXContainerItemProxy */;
		};
		9BB26B291D59CB07005F6A73 /* PBXTargetDependency */ = {
			isa = PBXTargetDependency;
			target = 9BB26B021D59CB07005F6A73 /* TestDemo */;
			targetProxy = 9BB26B281D59CB07005F6A73 /* PBXContainerItemProxy */;
		};
/* End PBXTargetDependency section */

/* Begin PBXVariantGroup section */
		9BB26B0F1D59CB07005F6A73 /* Main.storyboard */ = {
			isa = PBXVariantGroup;
			children = (
				9BB26B101D59CB07005F6A73 /* Base */,
			);
			name = Main.storyboard;
			sourceTree = "<group>";
		};
		9BB26B141D59CB07005F6A73 /* LaunchScreen.storyboard */ = {
			isa = PBXVariantGroup;
			children = (
				9BB26B151D59CB07005F6A73 /* Base */,
			);
			name = LaunchScreen.storyboard;
			sourceTree = "<group>";
		};
/* End PBXVariantGroup section */

/* Begin XCBuildConfiguration section */
		9BB26B2E1D59CB07005F6A73 /* Debug */ = {
			isa = XCBuildConfiguration;
			buildSettings = {
				ALWAYS_SEARCH_USER_PATHS = NO;
				CLANG_ANALYZER_NONNULL = YES;
				CLANG_CXX_LANGUAGE_STANDARD = "gnu++0x";
				CLANG_CXX_LIBRARY = "libc++";
				CLANG_ENABLE_MODULES = YES;
				CLANG_ENABLE_OBJC_ARC = YES;
				CLANG_WARN_BOOL_CONVERSION = YES;
				CLANG_WARN_CONSTANT_CONVERSION = YES;
				CLANG_WARN_DIRECT_OBJC_ISA_USAGE = YES_ERROR;
				CLANG_WARN_EMPTY_BODY = YES;
				CLANG_WARN_ENUM_CONVERSION = YES;
				CLANG_WARN_INT_CONVERSION = YES;
				CLANG_WARN_OBJC_ROOT_CLASS = YES_ERROR;
				CLANG_WARN_UNREACHABLE_CODE = YES;
				CLANG_WARN__DUPLICATE_METHOD_MATCH = YES;
				"CODE_SIGN_IDENTITY[sdk=iphoneos*]" = "iPhone Developer";
				COPY_PHASE_STRIP = NO;
				DEBUG_INFORMATION_FORMAT = dwarf;
				ENABLE_STRICT_OBJC_MSGSEND = YES;
				ENABLE_TESTABILITY = YES;
				GCC_C_LANGUAGE_STANDARD = gnu99;
				GCC_DYNAMIC_NO_PIC = NO;
				GCC_NO_COMMON_BLOCKS = YES;
				GCC_OPTIMIZATION_LEVEL = 0;
				GCC_PREPROCESSOR_DEFINITIONS = (
					"DEBUG=1",
					"$(inherited)",
				);
				GCC_WARN_64_TO_32_BIT_CONVERSION = YES;
				GCC_WARN_ABOUT_RETURN_TYPE = YES_ERROR;
				GCC_WARN_UNDECLARED_SELECTOR = YES;
				GCC_WARN_UNINITIALIZED_AUTOS = YES_AGGRESSIVE;
				GCC_WARN_UNUSED_FUNCTION = YES;
				GCC_WARN_UNUSED_VARIABLE = YES;
				IPHONEOS_DEPLOYMENT_TARGET = 9.3;
				MTL_ENABLE_DEBUG_INFO = YES;
				ONLY_ACTIVE_ARCH = YES;
				SDKROOT = iphoneos;
			};
			name = Debug;
		};
		9BB26B2F1D59CB07005F6A73 /* Release */ = {
			isa = XCBuildConfiguration;
			buildSettings = {
				ALWAYS_SEARCH_USER_PATHS = NO;
				CLANG_ANALYZER_NONNULL = YES;
				CLANG_CXX_LANGUAGE_STANDARD = "gnu++0x";
				CLANG_CXX_LIBRARY = "libc++";
				CLANG_ENABLE_MODULES = YES;
				CLANG_ENABLE_OBJC_ARC = YES;
				CLANG_WARN_BOOL_CONVERSION = YES;
				CLANG_WARN_CONSTANT_CONVERSION = YES;
				CLANG_WARN_DIRECT_OBJC_ISA_USAGE = YES_ERROR;
				CLANG_WARN_EMPTY_BODY = YES;
				CLANG_WARN_ENUM_CONVERSION = YES;
				CLANG_WARN_INT_CONVERSION = YES;
				CLANG_WARN_OBJC_ROOT_CLASS = YES_ERROR;
				CLANG_WARN_UNREACHABLE_CODE = YES;
				CLANG_WARN__DUPLICATE_METHOD_MATCH = YES;
				"CODE_SIGN_IDENTITY[sdk=iphoneos*]" = "iPhone Developer";
				COPY_PHASE_STRIP = NO;
				DEBUG_INFORMATION_FORMAT = "dwarf-with-dsym";
				ENABLE_NS_ASSERTIONS = NO;
				ENABLE_STRICT_OBJC_MSGSEND = YES;
				GCC_C_LANGUAGE_STANDARD = gnu99;
				GCC_NO_COMMON_BLOCKS = YES;
				GCC_WARN_64_TO_32_BIT_CONVERSION = YES;
				GCC_WARN_ABOUT_RETURN_TYPE = YES_ERROR;
				GCC_WARN_UNDECLARED_SELECTOR = YES;
				GCC_WARN_UNINITIALIZED_AUTOS = YES_AGGRESSIVE;
				GCC_WARN_UNUSED_FUNCTION = YES;
				GCC_WARN_UNUSED_VARIABLE = YES;
				IPHONEOS_DEPLOYMENT_TARGET = 9.3;
				MTL_ENABLE_DEBUG_INFO = NO;
				SDKROOT = iphoneos;
				VALIDATE_PRODUCT = YES;
			};
			name = Release;
		};
		9BB26B311D59CB07005F6A73 /* Debug */ = {
			isa = XCBuildConfiguration;
			buildSettings = {
				ASSETCATALOG_COMPILER_APPICON_NAME = AppIcon;
				INFOPLIST_FILE = TestDemo/Info.plist;
				LD_RUNPATH_SEARCH_PATHS = "$(inherited) @executable_path/Frameworks";
				PRODUCT_BUNDLE_IDENTIFIER = com.8000m.TestDemo;
				PRODUCT_NAME = "$(TARGET_NAME)";
			};
			name = Debug;
		};
		9BB26B321D59CB07005F6A73 /* Release */ = {
			isa = XCBuildConfiguration;
			buildSettings = {
				ASSETCATALOG_COMPILER_APPICON_NAME = AppIcon;
				INFOPLIST_FILE = TestDemo/Info.plist;
				LD_RUNPATH_SEARCH_PATHS = "$(inherited) @executable_path/Frameworks";
				PRODUCT_BUNDLE_IDENTIFIER = com.8000m.TestDemo;
				PRODUCT_NAME = "$(TARGET_NAME)";
			};
			name = Release;
		};
		9BB26B341D59CB07005F6A73 /* Debug */ = {
			isa = XCBuildConfiguration;
			buildSettings = {
				BUNDLE_LOADER = "$(TEST_HOST)";
				INFOPLIST_FILE = TestDemoTests/Info.plist;
				LD_RUNPATH_SEARCH_PATHS = "$(inherited) @executable_path/Frameworks @loader_path/Frameworks";
				PRODUCT_BUNDLE_IDENTIFIER = com.8000m.TestDemoTests;
				PRODUCT_NAME = "$(TARGET_NAME)";
				TEST_HOST = "$(BUILT_PRODUCTS_DIR)/TestDemo.app/TestDemo";
			};
			name = Debug;
		};
		9BB26B351D59CB07005F6A73 /* Release */ = {
			isa = XCBuildConfiguration;
			buildSettings = {
				BUNDLE_LOADER = "$(TEST_HOST)";
				INFOPLIST_FILE = TestDemoTests/Info.plist;
				LD_RUNPATH_SEARCH_PATHS = "$(inherited) @executable_path/Frameworks @loader_path/Frameworks";
				PRODUCT_BUNDLE_IDENTIFIER = com.8000m.TestDemoTests;
				PRODUCT_NAME = "$(TARGET_NAME)";
				TEST_HOST = "$(BUILT_PRODUCTS_DIR)/TestDemo.app/TestDemo";
			};
			name = Release;
		};
		9BB26B371D59CB07005F6A73 /* Debug */ = {
			isa = XCBuildConfiguration;
			buildSettings = {
				INFOPLIST_FILE = TestDemoUITests/Info.plist;
				LD_RUNPATH_SEARCH_PATHS = "$(inherited) @executable_path/Frameworks @loader_path/Frameworks";
				PRODUCT_BUNDLE_IDENTIFIER = com.8000m.TestDemoUITests;
				PRODUCT_NAME = "$(TARGET_NAME)";
				TEST_TARGET_NAME = TestDemo;
			};
			name = Debug;
		};
		9BB26B381D59CB07005F6A73 /* Release */ = {
			isa = XCBuildConfiguration;
			buildSettings = {
				INFOPLIST_FILE = TestDemoUITests/Info.plist;
				LD_RUNPATH_SEARCH_PATHS = "$(inherited) @executable_path/Frameworks @loader_path/Frameworks";
				PRODUCT_BUNDLE_IDENTIFIER = com.8000m.TestDemoUITests;
				PRODUCT_NAME = "$(TARGET_NAME)";
				TEST_TARGET_NAME = TestDemo;
			};
			name = Release;
		};
/* End XCBuildConfiguration section */

/* Begin XCConfigurationList section */
		9BB26AFE1D59CB07005F6A73 /* Build configuration list for PBXProject "TestDemo" */ = {
			isa = XCConfigurationList;
			buildConfigurations = (
				9BB26B2E1D59CB07005F6A73 /* Debug */,
				9BB26B2F1D59CB07005F6A73 /* Release */,
			);
			defaultConfigurationIsVisible = 0;
			defaultConfigurationName = Release;
		};
		9BB26B301D59CB07005F6A73 /* Build configuration list for PBXNativeTarget "TestDemo" */ = {
			isa = XCConfigurationList;
			buildConfigurations = (
				9BB26B311D59CB07005F6A73 /* Debug */,
				9BB26B321D59CB07005F6A73 /* Release */,
			);
			defaultConfigurationIsVisible = 0;
		};
		9BB26B331D59CB07005F6A73 /* Build configuration list for PBXNativeTarget "TestDemoTests" */ = {
			isa = XCConfigurationList;
			buildConfigurations = (
				9BB26B341D59CB07005F6A73 /* Debug */,
				9BB26B351D59CB07005F6A73 /* Release */,
			);
			defaultConfigurationIsVisible = 0;
		};
		9BB26B361D59CB07005F6A73 /* Build configuration list for PBXNativeTarget "TestDemoUITests" */ = {
			isa = XCConfigurationList;
			buildConfigurations = (
				9BB26B371D59CB07005F6A73 /* Debug */,
				9BB26B381D59CB07005F6A73 /* Release */,
			);
			defaultConfigurationIsVisible = 0;
		};
/* End XCConfigurationList section */
	};
	rootObject = 9BB26AFB1D59CB07005F6A73 /* Project object */;
}
